
Microsoft Visual Studio Solution File, Format Version 12.00
# Visual Studio Version 16
VisualStudioVersion = 16.0.29409.12
MinimumVisualStudioVersion = 10.0.40219.1
Project("{FAE04EC0-301F-11D3-BF4B-00C04F79EFBC}") = "WebAdvert.SearchApi", "WebAdvert.SearchApi.csproj", "{0003E718-2945-4766-A456-BF9B0991951A}"
EndProject
Global
	GlobalSection(SolutionConfigurationPlatforms) = preSolution
		Debug|Any CPU = Debug|Any CPU
		Release|Any CPU = Release|Any CPU
	EndGlobalSection
	GlobalSection(ProjectConfigurationPlatforms) = postSolution
		{0003E718-2945-4766-A456-BF9B0991951A}.Debug|Any CPU.ActiveCfg = Debug|Any CPU
		{0003E718-2945-4766-A456-BF9B0991951A}.Debug|Any CPU.Build.0 = Debug|Any CPU
		{0003E718-2945-4766-A456-BF9B0991951A}.Release|Any CPU.ActiveCfg = Release|Any CPU
		{0003E718-2945-4766-A456-BF9B0991951A}.Release|Any CPU.Build.0 = Release|Any CPU
	EndGlobalSection
	GlobalSection(SolutionProperties) = preSolution
		HideSolutionNode = FALSE
	EndGlobalSection
	GlobalSection(ExtensibilityGlobals) = postSolution
		SolutionGuid = {D04C2DE5-8151-4A50-92CB-8E3C2CEC702B}
	EndGlobalSection
EndGlobal
